
Microsoft Visual Studio Solution File, Format Version 12.00
# Visual Studio 14
VisualStudioVersion = 14.0.25420.1
MinimumVisualStudioVersion = 10.0.40219.1
Project("{E24C65DC-7377-472B-9ABA-BC803B73C61A}") = "AdminLTE", ".", "{33EF3848-17C5-4D61-9E53-45AA546E4FC5}"
	ProjectSection(WebsiteProperties) = preProject
		TargetFrameworkMoniker = ".NETFramework,Version%3Dv4.0"
		Debug.AspNetCompiler.VirtualPath = "/localhost_21163"
		Debug.AspNetCompiler.PhysicalPath = "..\AdminLTE\"
		Debug.AspNetCompiler.TargetPath = "PrecompiledWeb\localhost_21163\"
		Debug.AspNetCompiler.Updateable = "true"
		Debug.AspNetCompiler.ForceOverwrite = "true"
		Debug.AspNetCompiler.FixedNames = "false"
		Debug.AspNetCompiler.Debug = "True"
		Release.AspNetCompiler.VirtualPath = "/localhost_21163"
		Release.AspNetCompiler.PhysicalPath = "..\AdminLTE\"
		Release.AspNetCompiler.TargetPath = "PrecompiledWeb\localhost_21163\"
		Release.AspNetCompiler.Updateable = "true"
		Release.AspNetCompiler.ForceOverwrite = "true"
		Release.AspNetCompiler.FixedNames = "false"
		Release.AspNetCompiler.Debug = "False"
		VWDPort = "21163"
		SlnRelativePath = "..\AdminLTE\"
	EndProjectSection
EndProject
Global
	GlobalSection(SolutionConfigurationPlatforms) = preSolution
		Debug|Any CPU = Debug|Any CPU
	EndGlobalSection
	GlobalSection(ProjectConfigurationPlatforms) = postSolution
		{33EF3848-17C5-4D61-9E53-45AA546E4FC5}.Debug|Any CPU.ActiveCfg = Debug|Any CPU
		{33EF3848-17C5-4D61-9E53-45AA546E4FC5}.Debug|Any CPU.Build.0 = Debug|Any CPU
	EndGlobalSection
	GlobalSection(SolutionProperties) = preSolution
		HideSolutionNode = FALSE
	EndGlobalSection
EndGlobal
