
Microsoft Visual Studio Solution File, Format Version 12.00
# Visual Studio 14
VisualStudioVersion = 14.0.25123.0
MinimumVisualStudioVersion = 10.0.40219.1
Project("{E24C65DC-7377-472B-9ABA-BC803B73C61A}") = "AdminLTE", ".", "{4FC13EF5-C15A-4341-9A96-1180CA23CED2}"
	ProjectSection(WebsiteProperties) = preProject
		TargetFrameworkMoniker = ".NETFramework,Version%3Dv4.0"
		Debug.AspNetCompiler.VirtualPath = "/localhost_6079"
		Debug.AspNetCompiler.PhysicalPath = "..\AdminLTE\"
		Debug.AspNetCompiler.TargetPath = "PrecompiledWeb\localhost_6079\"
		Debug.AspNetCompiler.Updateable = "true"
		Debug.AspNetCompiler.ForceOverwrite = "true"
		Debug.AspNetCompiler.FixedNames = "false"
		Debug.AspNetCompiler.Debug = "True"
		Release.AspNetCompiler.VirtualPath = "/localhost_6079"
		Release.AspNetCompiler.PhysicalPath = "..\AdminLTE\"
		Release.AspNetCompiler.TargetPath = "PrecompiledWeb\localhost_6079\"
		Release.AspNetCompiler.Updateable = "true"
		Release.AspNetCompiler.ForceOverwrite = "true"
		Release.AspNetCompiler.FixedNames = "false"
		Release.AspNetCompiler.Debug = "False"
		VWDPort = "6079"
		SlnRelativePath = "..\AdminLTE\"
	EndProjectSection
EndProject
Global
	GlobalSection(SolutionConfigurationPlatforms) = preSolution
		Debug|Any CPU = Debug|Any CPU
	EndGlobalSection
	GlobalSection(ProjectConfigurationPlatforms) = postSolution
		{4FC13EF5-C15A-4341-9A96-1180CA23CED2}.Debug|Any CPU.ActiveCfg = Debug|Any CPU
		{4FC13EF5-C15A-4341-9A96-1180CA23CED2}.Debug|Any CPU.Build.0 = Debug|Any CPU
	EndGlobalSection
	GlobalSection(SolutionProperties) = preSolution
		HideSolutionNode = FALSE
	EndGlobalSection
EndGlobal
